
Microsoft Visual Studio Solution File, Format Version 12.00
# Visual Studio Version 17
VisualStudioVersion = 17.2.32516.85
MinimumVisualStudioVersion = 10.0.40219.1
Project("{FAE04EC0-301F-11D3-BF4B-00C04F79EFBC}") = "Cs42", "Cs42\Cs42.csproj", "{E7FB6B0E-A981-451A-BAB7-F57918F45EC9}"
EndProject
Global
	GlobalSection(SolutionConfigurationPlatforms) = preSolution
		Debug|Any CPU = Debug|Any CPU
		Release|Any CPU = Release|Any CPU
	EndGlobalSection
	GlobalSection(ProjectConfigurationPlatforms) = postSolution
		{E7FB6B0E-A981-451A-BAB7-F57918F45EC9}.Debug|Any CPU.ActiveCfg = Debug|Any CPU
		{E7FB6B0E-A981-451A-BAB7-F57918F45EC9}.Debug|Any CPU.Build.0 = Debug|Any CPU
		{E7FB6B0E-A981-451A-BAB7-F57918F45EC9}.Release|Any CPU.ActiveCfg = Release|Any CPU
		{E7FB6B0E-A981-451A-BAB7-F57918F45EC9}.Release|Any CPU.Build.0 = Release|Any CPU
	EndGlobalSection
	GlobalSection(SolutionProperties) = preSolution
		HideSolutionNode = FALSE
	EndGlobalSection
	GlobalSection(ExtensibilityGlobals) = postSolution
		SolutionGuid = {EBB73EF3-E733-4074-A142-3AA51140A758}
	EndGlobalSection
EndGlobal
