
Microsoft Visual Studio Solution File, Format Version 12.00
# Visual Studio Version 17
VisualStudioVersion = 17.2.32516.85
MinimumVisualStudioVersion = 10.0.40219.1
Project("{FAE04EC0-301F-11D3-BF4B-00C04F79EFBC}") = "razor_page_cs51", "razor_page_cs51\razor_page_cs51.csproj", "{E3BD24BB-3D4E-424A-A9E5-CA52B2E2278C}"
EndProject
Global
	GlobalSection(SolutionConfigurationPlatforms) = preSolution
		Debug|Any CPU = Debug|Any CPU
		Release|Any CPU = Release|Any CPU
	EndGlobalSection
	GlobalSection(ProjectConfigurationPlatforms) = postSolution
		{E3BD24BB-3D4E-424A-A9E5-CA52B2E2278C}.Debug|Any CPU.ActiveCfg = Debug|Any CPU
		{E3BD24BB-3D4E-424A-A9E5-CA52B2E2278C}.Debug|Any CPU.Build.0 = Debug|Any CPU
		{E3BD24BB-3D4E-424A-A9E5-CA52B2E2278C}.Release|Any CPU.ActiveCfg = Release|Any CPU
		{E3BD24BB-3D4E-424A-A9E5-CA52B2E2278C}.Release|Any CPU.Build.0 = Release|Any CPU
	EndGlobalSection
	GlobalSection(SolutionProperties) = preSolution
		HideSolutionNode = FALSE
	EndGlobalSection
	GlobalSection(ExtensibilityGlobals) = postSolution
		SolutionGuid = {B4440AE5-357A-4CF5-A3CE-17098DE3B9D4}
	EndGlobalSection
EndGlobal
