
Microsoft Visual Studio Solution File, Format Version 12.00
# Visual Studio Version 17
VisualStudioVersion = 17.2.32516.85
MinimumVisualStudioVersion = 10.0.40219.1
Project("{FAE04EC0-301F-11D3-BF4B-00C04F79EFBC}") = "Cs43", "Cs43\Cs43.csproj", "{45D078AE-9F87-4D72-B132-60F285DB210E}"
EndProject
Global
	GlobalSection(SolutionConfigurationPlatforms) = preSolution
		Debug|Any CPU = Debug|Any CPU
		Release|Any CPU = Release|Any CPU
	EndGlobalSection
	GlobalSection(ProjectConfigurationPlatforms) = postSolution
		{45D078AE-9F87-4D72-B132-60F285DB210E}.Debug|Any CPU.ActiveCfg = Debug|Any CPU
		{45D078AE-9F87-4D72-B132-60F285DB210E}.Debug|Any CPU.Build.0 = Debug|Any CPU
		{45D078AE-9F87-4D72-B132-60F285DB210E}.Release|Any CPU.ActiveCfg = Release|Any CPU
		{45D078AE-9F87-4D72-B132-60F285DB210E}.Release|Any CPU.Build.0 = Release|Any CPU
	EndGlobalSection
	GlobalSection(SolutionProperties) = preSolution
		HideSolutionNode = FALSE
	EndGlobalSection
	GlobalSection(ExtensibilityGlobals) = postSolution
		SolutionGuid = {8A94F97D-B7F2-4D62-8504-5AC1D2880B95}
	EndGlobalSection
EndGlobal
