
Microsoft Visual Studio Solution File, Format Version 12.00
# Visual Studio Version 17
VisualStudioVersion = 17.2.32516.85
MinimumVisualStudioVersion = 10.0.40219.1
Project("{9A19103F-16F7-4668-BE54-9A1E7A4F7556}") = "Razor_Cs50", "Razor_Cs50\Razor_Cs50.csproj", "{1A607EA0-9F54-4949-98D3-1C8F4EE6AAE9}"
EndProject
Global
	GlobalSection(SolutionConfigurationPlatforms) = preSolution
		Debug|Any CPU = Debug|Any CPU
		Release|Any CPU = Release|Any CPU
	EndGlobalSection
	GlobalSection(ProjectConfigurationPlatforms) = postSolution
		{1A607EA0-9F54-4949-98D3-1C8F4EE6AAE9}.Debug|Any CPU.ActiveCfg = Debug|Any CPU
		{1A607EA0-9F54-4949-98D3-1C8F4EE6AAE9}.Debug|Any CPU.Build.0 = Debug|Any CPU
		{1A607EA0-9F54-4949-98D3-1C8F4EE6AAE9}.Release|Any CPU.ActiveCfg = Release|Any CPU
		{1A607EA0-9F54-4949-98D3-1C8F4EE6AAE9}.Release|Any CPU.Build.0 = Release|Any CPU
	EndGlobalSection
	GlobalSection(SolutionProperties) = preSolution
		HideSolutionNode = FALSE
	EndGlobalSection
	GlobalSection(ExtensibilityGlobals) = postSolution
		SolutionGuid = {818F12A4-A102-48CA-A2BB-85A49A73055D}
	EndGlobalSection
EndGlobal
