
Microsoft Visual Studio Solution File, Format Version 12.00
# Visual Studio Version 17
VisualStudioVersion = 17.2.32516.85
MinimumVisualStudioVersion = 10.0.40219.1
Project("{FAE04EC0-301F-11D3-BF4B-00C04F79EFBC}") = "aspNetCore_cs46", "aspNetCore_cs46\aspNetCore_cs46.csproj", "{C441BFFC-F4D1-4403-9B54-F48CD77B658A}"
EndProject
Global
	GlobalSection(SolutionConfigurationPlatforms) = preSolution
		Debug|Any CPU = Debug|Any CPU
		Release|Any CPU = Release|Any CPU
	EndGlobalSection
	GlobalSection(ProjectConfigurationPlatforms) = postSolution
		{C441BFFC-F4D1-4403-9B54-F48CD77B658A}.Debug|Any CPU.ActiveCfg = Debug|Any CPU
		{C441BFFC-F4D1-4403-9B54-F48CD77B658A}.Debug|Any CPU.Build.0 = Debug|Any CPU
		{C441BFFC-F4D1-4403-9B54-F48CD77B658A}.Release|Any CPU.ActiveCfg = Release|Any CPU
		{C441BFFC-F4D1-4403-9B54-F48CD77B658A}.Release|Any CPU.Build.0 = Release|Any CPU
	EndGlobalSection
	GlobalSection(SolutionProperties) = preSolution
		HideSolutionNode = FALSE
	EndGlobalSection
	GlobalSection(ExtensibilityGlobals) = postSolution
		SolutionGuid = {B3BD8EE1-CF6F-4299-89B2-ED39ECEDA538}
	EndGlobalSection
EndGlobal
