
Microsoft Visual Studio Solution File, Format Version 12.00
# Visual Studio Version 17
VisualStudioVersion = 17.2.32516.85
MinimumVisualStudioVersion = 10.0.40219.1
Project("{FAE04EC0-301F-11D3-BF4B-00C04F79EFBC}") = "Cs45", "Cs45\Cs45.csproj", "{FA7E9AFE-1723-42C2-B201-2DFCBA50A892}"
EndProject
Global
	GlobalSection(SolutionConfigurationPlatforms) = preSolution
		Debug|Any CPU = Debug|Any CPU
		Release|Any CPU = Release|Any CPU
	EndGlobalSection
	GlobalSection(ProjectConfigurationPlatforms) = postSolution
		{FA7E9AFE-1723-42C2-B201-2DFCBA50A892}.Debug|Any CPU.ActiveCfg = Debug|Any CPU
		{FA7E9AFE-1723-42C2-B201-2DFCBA50A892}.Debug|Any CPU.Build.0 = Debug|Any CPU
		{FA7E9AFE-1723-42C2-B201-2DFCBA50A892}.Release|Any CPU.ActiveCfg = Release|Any CPU
		{FA7E9AFE-1723-42C2-B201-2DFCBA50A892}.Release|Any CPU.Build.0 = Release|Any CPU
	EndGlobalSection
	GlobalSection(SolutionProperties) = preSolution
		HideSolutionNode = FALSE
	EndGlobalSection
	GlobalSection(ExtensibilityGlobals) = postSolution
		SolutionGuid = {E1178A1B-DB30-4822-8FA0-767F5AA3050C}
	EndGlobalSection
EndGlobal
